
Microsoft Visual Studio Solution File, Format Version 12.00
Project("{FAE04EC0-301F-11D3-BF4B-00C04F79EFBC}") = "MiniInventoryApi", "MiniInventoryApi\MiniInventoryApi.csproj", "{C6371DC3-655B-455D-82DC-999806D0999D}"
EndProject
Global
	GlobalSection(SolutionConfigurationPlatforms) = preSolution
		Debug|Any CPU = Debug|Any CPU
		Release|Any CPU = Release|Any CPU
	EndGlobalSection
	GlobalSection(ProjectConfigurationPlatforms) = postSolution
		{C6371DC3-655B-455D-82DC-999806D0999D}.Debug|Any CPU.ActiveCfg = Debug|Any CPU
		{C6371DC3-655B-455D-82DC-999806D0999D}.Debug|Any CPU.Build.0 = Debug|Any CPU
		{C6371DC3-655B-455D-82DC-999806D0999D}.Release|Any CPU.ActiveCfg = Release|Any CPU
		{C6371DC3-655B-455D-82DC-999806D0999D}.Release|Any CPU.Build.0 = Release|Any CPU
	EndGlobalSection
EndGlobal
